
Microsoft Visual Studio Solution File, Format Version 12.00
# Visual Studio Version 17
VisualStudioVersion = 17.8.34330.188
MinimumVisualStudioVersion = 10.0.40219.1
Project("{FAE04EC0-301F-11D3-BF4B-00C04F79EFBC}") = "WildlifeControlContinued", "WildlifeControlContinued.csproj", "{0F2A11A1-FC84-4E5C-A2C6-63E76B242ECD}"
EndProject
Global
	GlobalSection(SolutionConfigurationPlatforms) = preSolution
		Debug|Any CPU = Debug|Any CPU
		Release|Any CPU = Release|Any CPU
	EndGlobalSection
	GlobalSection(ProjectConfigurationPlatforms) = postSolution
		{0F2A11A1-FC84-4E5C-A2C6-63E76B242ECD}.Debug|Any CPU.ActiveCfg = Debug|Any CPU
		{0F2A11A1-FC84-4E5C-A2C6-63E76B242ECD}.Debug|Any CPU.Build.0 = Debug|Any CPU
		{0F2A11A1-FC84-4E5C-A2C6-63E76B242ECD}.Release|Any CPU.ActiveCfg = Release|Any CPU
		{0F2A11A1-FC84-4E5C-A2C6-63E76B242ECD}.Release|Any CPU.Build.0 = Release|Any CPU
	EndGlobalSection
	GlobalSection(SolutionProperties) = preSolution
		HideSolutionNode = FALSE
	EndGlobalSection
	GlobalSection(ExtensibilityGlobals) = postSolution
		SolutionGuid = {720D428C-A67B-4BE4-A4CC-565F6C1A463F}
	EndGlobalSection
EndGlobal
